
Microsoft Visual Studio Solution File, Format Version 12.00
# Visual Studio 15
VisualStudioVersion = 15.0.28307.960
MinimumVisualStudioVersion = 10.0.40219.1
Project("{FAE04EC0-301F-11D3-BF4B-00C04F79EFBC}") = "WebApiApp", "WebApiApp\WebApiApp.csproj", "{23EE4017-3ADD-4F51-B622-898D3F3685E5}"
EndProject
Global
	GlobalSection(SolutionConfigurationPlatforms) = preSolution
		Debug|Any CPU = Debug|Any CPU
		Release|Any CPU = Release|Any CPU
	EndGlobalSection
	GlobalSection(ProjectConfigurationPlatforms) = postSolution
		{23EE4017-3ADD-4F51-B622-898D3F3685E5}.Debug|Any CPU.ActiveCfg = Debug|Any CPU
		{23EE4017-3ADD-4F51-B622-898D3F3685E5}.Debug|Any CPU.Build.0 = Debug|Any CPU
		{23EE4017-3ADD-4F51-B622-898D3F3685E5}.Release|Any CPU.ActiveCfg = Release|Any CPU
		{23EE4017-3ADD-4F51-B622-898D3F3685E5}.Release|Any CPU.Build.0 = Release|Any CPU
	EndGlobalSection
	GlobalSection(SolutionProperties) = preSolution
		HideSolutionNode = FALSE
	EndGlobalSection
	GlobalSection(ExtensibilityGlobals) = postSolution
		SolutionGuid = {D6F037DD-3E86-4F44-951D-12BB8856E77C}
	EndGlobalSection
EndGlobal
